
Microsoft Visual Studio Solution File, Format Version 12.00
# Visual Studio 15
VisualStudioVersion = 15.0.26403.0
MinimumVisualStudioVersion = 10.0.40219.1
Project("{FAE04EC0-301F-11D3-BF4B-00C04F79EFBC}") = "Quiron.LojaVirtual.Dominio", "Quiron.LojaVirtual.Dominio\Quiron.LojaVirtual.Dominio.csproj", "{E8AC9227-A461-4AE2-B301-8FF6B6BAF4E1}"
EndProject
Project("{FAE04EC0-301F-11D3-BF4B-00C04F79EFBC}") = "Quiron.LojaVirtual.Web", "Quiron.LojaVirtual.Web\Quiron.LojaVirtual.Web.csproj", "{20935322-816B-4707-BEF1-CF32E546797D}"
EndProject
Project("{FAE04EC0-301F-11D3-BF4B-00C04F79EFBC}") = "Quiron.LojaVirtual.UniTest", "Quiron.LojaVirtual.UniTest\Quiron.LojaVirtual.UniTest.csproj", "{9C1824E9-7CF4-4D3A-B101-B747A2A285E9}"
EndProject
Global
	GlobalSection(SolutionConfigurationPlatforms) = preSolution
		Debug|Any CPU = Debug|Any CPU
		Release|Any CPU = Release|Any CPU
	EndGlobalSection
	GlobalSection(ProjectConfigurationPlatforms) = postSolution
		{E8AC9227-A461-4AE2-B301-8FF6B6BAF4E1}.Debug|Any CPU.ActiveCfg = Debug|Any CPU
		{E8AC9227-A461-4AE2-B301-8FF6B6BAF4E1}.Debug|Any CPU.Build.0 = Debug|Any CPU
		{E8AC9227-A461-4AE2-B301-8FF6B6BAF4E1}.Release|Any CPU.ActiveCfg = Release|Any CPU
		{E8AC9227-A461-4AE2-B301-8FF6B6BAF4E1}.Release|Any CPU.Build.0 = Release|Any CPU
		{20935322-816B-4707-BEF1-CF32E546797D}.Debug|Any CPU.ActiveCfg = Debug|Any CPU
		{20935322-816B-4707-BEF1-CF32E546797D}.Debug|Any CPU.Build.0 = Debug|Any CPU
		{20935322-816B-4707-BEF1-CF32E546797D}.Release|Any CPU.ActiveCfg = Release|Any CPU
		{20935322-816B-4707-BEF1-CF32E546797D}.Release|Any CPU.Build.0 = Release|Any CPU
		{9C1824E9-7CF4-4D3A-B101-B747A2A285E9}.Debug|Any CPU.ActiveCfg = Debug|Any CPU
		{9C1824E9-7CF4-4D3A-B101-B747A2A285E9}.Debug|Any CPU.Build.0 = Debug|Any CPU
		{9C1824E9-7CF4-4D3A-B101-B747A2A285E9}.Release|Any CPU.ActiveCfg = Release|Any CPU
		{9C1824E9-7CF4-4D3A-B101-B747A2A285E9}.Release|Any CPU.Build.0 = Release|Any CPU
	EndGlobalSection
	GlobalSection(SolutionProperties) = preSolution
		HideSolutionNode = FALSE
	EndGlobalSection
EndGlobal
